
Microsoft Visual Studio Solution File, Format Version 12.00
# Visual Studio Version 16
VisualStudioVersion = 16.0.28803.202
MinimumVisualStudioVersion = 10.0.40219.1
Project("{8BC9CEB8-8B4A-11D0-8D11-00A0C91BC942}") = "PlayProject1", "PlayProject1.vcxproj", "{E986F207-0310-4627-AAB5-D966E88C9DD1}"
EndProject
Project("{8BC9CEB8-8B4A-11D0-8D11-00A0C91BC942}") = "common", "common\common.vcxproj", "{9598A202-5BE2-49D4-9F06-4E60578FA654}"
EndProject
Global
	GlobalSection(SolutionConfigurationPlatforms) = preSolution
		Debug|x64 = Debug|x64
		Debug|x86 = Debug|x86
		Release|x64 = Release|x64
		Release|x86 = Release|x86
	EndGlobalSection
	GlobalSection(ProjectConfigurationPlatforms) = postSolution
		{E986F207-0310-4627-AAB5-D966E88C9DD1}.Debug|x64.ActiveCfg = Debug|x64
		{E986F207-0310-4627-AAB5-D966E88C9DD1}.Debug|x64.Build.0 = Debug|x64
		{E986F207-0310-4627-AAB5-D966E88C9DD1}.Debug|x86.ActiveCfg = Debug|Win32
		{E986F207-0310-4627-AAB5-D966E88C9DD1}.Debug|x86.Build.0 = Debug|Win32
		{E986F207-0310-4627-AAB5-D966E88C9DD1}.Release|x64.ActiveCfg = Release|x64
		{E986F207-0310-4627-AAB5-D966E88C9DD1}.Release|x64.Build.0 = Release|x64
		{E986F207-0310-4627-AAB5-D966E88C9DD1}.Release|x86.ActiveCfg = Release|Win32
		{E986F207-0310-4627-AAB5-D966E88C9DD1}.Release|x86.Build.0 = Release|Win32
		{9598A202-5BE2-49D4-9F06-4E60578FA654}.Debug|x64.ActiveCfg = Debug|x64
		{9598A202-5BE2-49D4-9F06-4E60578FA654}.Debug|x64.Build.0 = Debug|x64
		{9598A202-5BE2-49D4-9F06-4E60578FA654}.Debug|x86.ActiveCfg = Debug|Win32
		{9598A202-5BE2-49D4-9F06-4E60578FA654}.Debug|x86.Build.0 = Debug|Win32
		{9598A202-5BE2-49D4-9F06-4E60578FA654}.Release|x64.ActiveCfg = Release|x64
		{9598A202-5BE2-49D4-9F06-4E60578FA654}.Release|x64.Build.0 = Release|x64
		{9598A202-5BE2-49D4-9F06-4E60578FA654}.Release|x86.ActiveCfg = Release|Win32
		{9598A202-5BE2-49D4-9F06-4E60578FA654}.Release|x86.Build.0 = Release|Win32
	EndGlobalSection
	GlobalSection(SolutionProperties) = preSolution
		HideSolutionNode = FALSE
	EndGlobalSection
	GlobalSection(ExtensibilityGlobals) = postSolution
		SolutionGuid = {76693DFF-447F-4B1D-A376-8DC6FC10A9D9}
	EndGlobalSection
EndGlobal
