// !$*UTF8*$!
{
	archiveVersion = 1;
	classes = {
	};
	objectVersion = 50;
	objects = {

/* Begin PBXBuildFile section */
		427A7A2122AC163C007532D8 /* libglfw.3.3.dylib in Frameworks */ = {isa = PBXBuildFile; fileRef = 427A7A2022AC163C007532D8 /* libglfw.3.3.dylib */; };
		427A7A2322AC1A59007532D8 /* Cocoa.framework in Frameworks */ = {isa = PBXBuildFile; fileRef = 427A7A2222AC1A59007532D8 /* Cocoa.framework */; };
		427A7A2522AC1A64007532D8 /* OpenGL.framework in Frameworks */ = {isa = PBXBuildFile; fileRef = 427A7A2422AC1A64007532D8 /* OpenGL.framework */; };
		427A7A2722AC1A70007532D8 /* IOKit.framework in Frameworks */ = {isa = PBXBuildFile; fileRef = 427A7A2622AC1A70007532D8 /* IOKit.framework */; };
		427A7A2922AC1A78007532D8 /* CoreVideo.framework in Frameworks */ = {isa = PBXBuildFile; fileRef = 427A7A2822AC1A78007532D8 /* CoreVideo.framework */; };
		427A7A3822AEADF5007532D8 /* resources in Copy Files */ = {isa = PBXBuildFile; fileRef = 427A7A3422AEAD33007532D8 /* resources */; };
		427A856C22B411C7007532D8 /* libShParser.a in Frameworks */ = {isa = PBXBuildFile; fileRef = 427A856B22B411C7007532D8 /* libShParser.a */; };
		42E134F922AC04C800E4FA4B /* main.cpp in Sources */ = {isa = PBXBuildFile; fileRef = 42E134F822AC04C800E4FA4B /* main.cpp */; };
		42E1351022AC0B4900E4FA4B /* imgui_impl_glfw.cpp in Sources */ = {isa = PBXBuildFile; fileRef = 42E1350F22AC0B4900E4FA4B /* imgui_impl_glfw.cpp */; };
		42E1351322AC0D2D00E4FA4B /* imgui_impl_opengl3.cpp in Sources */ = {isa = PBXBuildFile; fileRef = 42E1351122AC0D2C00E4FA4B /* imgui_impl_opengl3.cpp */; };
		42E1352022AC12FC00E4FA4B /* imgui_widgets.cpp in Sources */ = {isa = PBXBuildFile; fileRef = 42E1350322AC08FD00E4FA4B /* imgui_widgets.cpp */; };
		42E1352122AC12FC00E4FA4B /* imgui.cpp in Sources */ = {isa = PBXBuildFile; fileRef = 42E1350522AC08FD00E4FA4B /* imgui.cpp */; };
		42E1352222AC12FC00E4FA4B /* imgui_demo.cpp in Sources */ = {isa = PBXBuildFile; fileRef = 42E1350922AC08FD00E4FA4B /* imgui_demo.cpp */; };
		42E1352322AC12FC00E4FA4B /* imgui_draw.cpp in Sources */ = {isa = PBXBuildFile; fileRef = 42E1350A22AC08FD00E4FA4B /* imgui_draw.cpp */; };
		42E1353622AC132900E4FA4B /* glad.c in Sources */ = {isa = PBXBuildFile; fileRef = 42E1353222AC132900E4FA4B /* glad.c */; };
/* End PBXBuildFile section */

/* Begin PBXCopyFilesBuildPhase section */
		42E134F322AC04C800E4FA4B /* Copy Files */ = {
			isa = PBXCopyFilesBuildPhase;
			buildActionMask = 12;
			dstPath = "";
			dstSubfolderSpec = 16;
			files = (
				427A7A3822AEADF5007532D8 /* resources in Copy Files */,
			);
			name = "Copy Files";
			runOnlyForDeploymentPostprocessing = 0;
		};
/* End PBXCopyFilesBuildPhase section */

/* Begin PBXFileReference section */
		427A7A2022AC163C007532D8 /* libglfw.3.3.dylib */ = {isa = PBXFileReference; lastKnownFileType = "compiled.mach-o.dylib"; name = libglfw.3.3.dylib; path = ../../../../../../../usr/local/Cellar/glfw/3.3/lib/libglfw.3.3.dylib; sourceTree = "<group>"; };
		427A7A2222AC1A59007532D8 /* Cocoa.framework */ = {isa = PBXFileReference; lastKnownFileType = wrapper.framework; name = Cocoa.framework; path = System/Library/Frameworks/Cocoa.framework; sourceTree = SDKROOT; };
		427A7A2422AC1A64007532D8 /* OpenGL.framework */ = {isa = PBXFileReference; lastKnownFileType = wrapper.framework; name = OpenGL.framework; path = System/Library/Frameworks/OpenGL.framework; sourceTree = SDKROOT; };
		427A7A2622AC1A70007532D8 /* IOKit.framework */ = {isa = PBXFileReference; lastKnownFileType = wrapper.framework; name = IOKit.framework; path = System/Library/Frameworks/IOKit.framework; sourceTree = SDKROOT; };
		427A7A2822AC1A78007532D8 /* CoreVideo.framework */ = {isa = PBXFileReference; lastKnownFileType = wrapper.framework; name = CoreVideo.framework; path = System/Library/Frameworks/CoreVideo.framework; sourceTree = SDKROOT; };
		427A7A3022AD51B0007532D8 /* stb_image.h */ = {isa = PBXFileReference; lastKnownFileType = sourcecode.c.h; path = stb_image.h; sourceTree = "<group>"; };
		427A7A3122AD51BE007532D8 /* camera.h */ = {isa = PBXFileReference; lastKnownFileType = sourcecode.c.h; name = camera.h; path = imguiiugmi/camera.h; sourceTree = SOURCE_ROOT; };
		427A7A3222AD51BE007532D8 /* shader.h */ = {isa = PBXFileReference; lastKnownFileType = sourcecode.c.h; name = shader.h; path = imguiiugmi/shader.h; sourceTree = SOURCE_ROOT; };
		427A7A3322AD5FDA007532D8 /* Fire.h */ = {isa = PBXFileReference; lastKnownFileType = sourcecode.c.h; path = Fire.h; sourceTree = "<group>"; };
		427A7A3422AEAD33007532D8 /* resources */ = {isa = PBXFileReference; lastKnownFileType = folder; path = resources; sourceTree = "<group>"; };
		427A7A3C22B00A31007532D8 /* error.h */ = {isa = PBXFileReference; lastKnownFileType = sourcecode.c.h; path = error.h; sourceTree = "<group>"; };
		427A7A3D22B00A31007532D8 /* en.h */ = {isa = PBXFileReference; lastKnownFileType = sourcecode.c.h; path = en.h; sourceTree = "<group>"; };
		427A7A3E22B00A31007532D8 /* encodedstream.h */ = {isa = PBXFileReference; lastKnownFileType = sourcecode.c.h; name = encodedstream.h; path = rapidjson/encodedstream.h; sourceTree = "<group>"; };
		427A7A3F22B00A31007532D8 /* allocators.h */ = {isa = PBXFileReference; lastKnownFileType = sourcecode.c.h; name = allocators.h; path = rapidjson/allocators.h; sourceTree = "<group>"; };
		427A7A4122B00A31007532D8 /* inttypes.h */ = {isa = PBXFileReference; lastKnownFileType = sourcecode.c.h; path = inttypes.h; sourceTree = "<group>"; };
		427A7A4222B00A31007532D8 /* stdint.h */ = {isa = PBXFileReference; lastKnownFileType = sourcecode.c.h; path = stdint.h; sourceTree = "<group>"; };
		427A7A4322B00A31007532D8 /* rapidjson.h */ = {isa = PBXFileReference; lastKnownFileType = sourcecode.c.h; name = rapidjson.h; path = rapidjson/rapidjson.h; sourceTree = "<group>"; };
		427A7A4422B00A31007532D8 /* filewritestream.h */ = {isa = PBXFileReference; lastKnownFileType = sourcecode.c.h; name = filewritestream.h; path = rapidjson/filewritestream.h; sourceTree = "<group>"; };
		427A7A4522B00A31007532D8 /* reader.h */ = {isa = PBXFileReference; lastKnownFileType = sourcecode.c.h; name = reader.h; path = rapidjson/reader.h; sourceTree = "<group>"; };
		427A7A4622B00A31007532D8 /* schema.h */ = {isa = PBXFileReference; lastKnownFileType = sourcecode.c.h; name = schema.h; path = rapidjson/schema.h; sourceTree = "<group>"; };
		427A7A4722B00A31007532D8 /* stream.h */ = {isa = PBXFileReference; lastKnownFileType = sourcecode.c.h; name = stream.h; path = rapidjson/stream.h; sourceTree = "<group>"; };
		427A7A4822B00A31007532D8 /* document.h */ = {isa = PBXFileReference; lastKnownFileType = sourcecode.c.h; name = document.h; path = rapidjson/document.h; sourceTree = "<group>"; };
		427A7A4922B00A31007532D8 /* encodings.h */ = {isa = PBXFileReference; lastKnownFileType = sourcecode.c.h; name = encodings.h; path = rapidjson/encodings.h; sourceTree = "<group>"; };
		427A7A4A22B00A31007532D8 /* fwd.h */ = {isa = PBXFileReference; lastKnownFileType = sourcecode.c.h; name = fwd.h; path = rapidjson/fwd.h; sourceTree = "<group>"; };
		427A7A4B22B00A31007532D8 /* prettywriter.h */ = {isa = PBXFileReference; lastKnownFileType = sourcecode.c.h; name = prettywriter.h; path = rapidjson/prettywriter.h; sourceTree = "<group>"; };
		427A7A4C22B00A31007532D8 /* stringbuffer.h */ = {isa = PBXFileReference; lastKnownFileType = sourcecode.c.h; name = stringbuffer.h; path = rapidjson/stringbuffer.h; sourceTree = "<group>"; };
		427A7A4D22B00A31007532D8 /* document-wrapper.h */ = {isa = PBXFileReference; lastKnownFileType = sourcecode.c.h; name = "document-wrapper.h"; path = "rapidjson/document-wrapper.h"; sourceTree = "<group>"; };
		427A7A4E22B00A31007532D8 /* writer.h */ = {isa = PBXFileReference; lastKnownFileType = sourcecode.c.h; name = writer.h; path = rapidjson/writer.h; sourceTree = "<group>"; };
		427A7A4F22B00A31007532D8 /* memorystream.h */ = {isa = PBXFileReference; lastKnownFileType = sourcecode.c.h; name = memorystream.h; path = rapidjson/memorystream.h; sourceTree = "<group>"; };
		427A7A5022B00A31007532D8 /* pointer.h */ = {isa = PBXFileReference; lastKnownFileType = sourcecode.c.h; name = pointer.h; path = rapidjson/pointer.h; sourceTree = "<group>"; };
		427A7A5122B00A31007532D8 /* ostreamwrapper.h */ = {isa = PBXFileReference; lastKnownFileType = sourcecode.c.h; name = ostreamwrapper.h; path = rapidjson/ostreamwrapper.h; sourceTree = "<group>"; };
		427A7A5322B00A31007532D8 /* ieee754.h */ = {isa = PBXFileReference; lastKnownFileType = sourcecode.c.h; path = ieee754.h; sourceTree = "<group>"; };
		427A7A5422B00A31007532D8 /* strtod.h */ = {isa = PBXFileReference; lastKnownFileType = sourcecode.c.h; path = strtod.h; sourceTree = "<group>"; };
		427A7A5522B00A31007532D8 /* swap.h */ = {isa = PBXFileReference; lastKnownFileType = sourcecode.c.h; path = swap.h; sourceTree = "<group>"; };
		427A7A5622B00A32007532D8 /* regex.h */ = {isa = PBXFileReference; lastKnownFileType = sourcecode.c.h; path = regex.h; sourceTree = "<group>"; };
		427A7A5722B00A32007532D8 /* diyfp.h */ = {isa = PBXFileReference; lastKnownFileType = sourcecode.c.h; path = diyfp.h; sourceTree = "<group>"; };
		427A7A5822B00A32007532D8 /* biginteger.h */ = {isa = PBXFileReference; lastKnownFileType = sourcecode.c.h; path = biginteger.h; sourceTree = "<group>"; };
		427A7A5922B00A32007532D8 /* strfunc.h */ = {isa = PBXFileReference; lastKnownFileType = sourcecode.c.h; path = strfunc.h; sourceTree = "<group>"; };
		427A7A5A22B00A32007532D8 /* itoa.h */ = {isa = PBXFileReference; lastKnownFileType = sourcecode.c.h; path = itoa.h; sourceTree = "<group>"; };
		427A7A5B22B00A32007532D8 /* stack.h */ = {isa = PBXFileReference; lastKnownFileType = sourcecode.c.h; path = stack.h; sourceTree = "<group>"; };
		427A7A5C22B00A32007532D8 /* dtoa.h */ = {isa = PBXFileReference; lastKnownFileType = sourcecode.c.h; path = dtoa.h; sourceTree = "<group>"; };
		427A7A5D22B00A32007532D8 /* meta.h */ = {isa = PBXFileReference; lastKnownFileType = sourcecode.c.h; path = meta.h; sourceTree = "<group>"; };
		427A7A5E22B00A32007532D8 /* pow10.h */ = {isa = PBXFileReference; lastKnownFileType = sourcecode.c.h; path = pow10.h; sourceTree = "<group>"; };
		427A7A5F22B00A32007532D8 /* istreamwrapper.h */ = {isa = PBXFileReference; lastKnownFileType = sourcecode.c.h; name = istreamwrapper.h; path = rapidjson/istreamwrapper.h; sourceTree = "<group>"; };
		427A7A6022B00A32007532D8 /* filereadstream.h */ = {isa = PBXFileReference; lastKnownFileType = sourcecode.c.h; name = filereadstream.h; path = rapidjson/filereadstream.h; sourceTree = "<group>"; };
		427A7A6122B00A32007532D8 /* memorybuffer.h */ = {isa = PBXFileReference; lastKnownFileType = sourcecode.c.h; name = memorybuffer.h; path = rapidjson/memorybuffer.h; sourceTree = "<group>"; };
		427A7A6222B00F66007532D8 /* FireDefinition.h */ = {isa = PBXFileReference; fileEncoding = 4; lastKnownFileType = sourcecode.c.h; path = FireDefinition.h; sourceTree = "<group>"; };
		427A7A6322B01C0D007532D8 /* FireUtility.h */ = {isa = PBXFileReference; lastKnownFileType = sourcecode.c.h; path = FireUtility.h; sourceTree = "<group>"; };
		427A7A6422B01D3C007532D8 /* FireProperty.h */ = {isa = PBXFileReference; lastKnownFileType = sourcecode.c.h; path = FireProperty.h; sourceTree = "<group>"; };
		427A7A6522B01E53007532D8 /* FireStShaderPanel.h */ = {isa = PBXFileReference; lastKnownFileType = sourcecode.c.h; path = FireStShaderPanel.h; sourceTree = "<group>"; };
		427A7A6622B0229B007532D8 /* FireJson.h */ = {isa = PBXFileReference; lastKnownFileType = sourcecode.c.h; path = FireJson.h; sourceTree = "<group>"; };
		427A7A6722B023D9007532D8 /* FireUI.h */ = {isa = PBXFileReference; lastKnownFileType = sourcecode.c.h; path = FireUI.h; sourceTree = "<group>"; };
		427A7A6822B02682007532D8 /* FireState.h */ = {isa = PBXFileReference; lastKnownFileType = sourcecode.c.h; path = FireState.h; sourceTree = "<group>"; };
		427A7A6922B0286F007532D8 /* FirePainter.h */ = {isa = PBXFileReference; lastKnownFileType = sourcecode.c.h; path = FirePainter.h; sourceTree = "<group>"; };
		427A7A6A22B07D88007532D8 /* FireConfig.h */ = {isa = PBXFileReference; lastKnownFileType = sourcecode.c.h; path = FireConfig.h; sourceTree = "<group>"; };
		427A853422B3FCA5007532D8 /* ShParser.h */ = {isa = PBXFileReference; lastKnownFileType = sourcecode.c.h; path = ShParser.h; sourceTree = "<group>"; };
		427A853B22B3FD34007532D8 /* gl3.h */ = {isa = PBXFileReference; lastKnownFileType = sourcecode.c.h; path = gl3.h; sourceTree = "<group>"; };
		427A853C22B3FD34007532D8 /* .clang-format */ = {isa = PBXFileReference; lastKnownFileType = text; path = ".clang-format"; sourceTree = "<group>"; };
		427A853D22B3FD34007532D8 /* gl32.h */ = {isa = PBXFileReference; lastKnownFileType = sourcecode.c.h; path = gl32.h; sourceTree = "<group>"; };
		427A853E22B3FD34007532D8 /* gl3platform.h */ = {isa = PBXFileReference; lastKnownFileType = sourcecode.c.h; path = gl3platform.h; sourceTree = "<group>"; };
		427A853F22B3FD34007532D8 /* gl3ext_explicit_context_autogen.inc */ = {isa = PBXFileReference; lastKnownFileType = sourcecode.pascal; path = gl3ext_explicit_context_autogen.inc; sourceTree = "<group>"; };
		427A854022B3FD34007532D8 /* gl31.h */ = {isa = PBXFileReference; lastKnownFileType = sourcecode.c.h; path = gl31.h; sourceTree = "<group>"; };
		427A854122B3FD34007532D8 /* gl31ext_explicit_context_autogen.inc */ = {isa = PBXFileReference; lastKnownFileType = sourcecode.pascal; path = gl31ext_explicit_context_autogen.inc; sourceTree = "<group>"; };
		427A854322B3FD34007532D8 /* gl2ext_explicit_context_autogen.inc */ = {isa = PBXFileReference; lastKnownFileType = sourcecode.pascal; path = gl2ext_explicit_context_autogen.inc; sourceTree = "<group>"; };
		427A854422B3FD34007532D8 /* gl2ext.h */ = {isa = PBXFileReference; lastKnownFileType = sourcecode.c.h; path = gl2ext.h; sourceTree = "<group>"; };
		427A854522B3FD34007532D8 /* gl2.h */ = {isa = PBXFileReference; lastKnownFileType = sourcecode.c.h; path = gl2.h; sourceTree = "<group>"; };
		427A854622B3FD34007532D8 /* gl2ext_angle.h */ = {isa = PBXFileReference; lastKnownFileType = sourcecode.c.h; path = gl2ext_angle.h; sourceTree = "<group>"; };
		427A854722B3FD34007532D8 /* .clang-format */ = {isa = PBXFileReference; lastKnownFileType = text; path = ".clang-format"; sourceTree = "<group>"; };
		427A854822B3FD34007532D8 /* gl2platform.h */ = {isa = PBXFileReference; lastKnownFileType = sourcecode.c.h; path = gl2platform.h; sourceTree = "<group>"; };
		427A854B22B3FD34007532D8 /* egl.h */ = {isa = PBXFileReference; lastKnownFileType = sourcecode.c.h; path = egl.h; sourceTree = "<group>"; };
		427A854C22B3FD34007532D8 /* glext_explicit_context_autogen.inc */ = {isa = PBXFileReference; lastKnownFileType = sourcecode.pascal; path = glext_explicit_context_autogen.inc; sourceTree = "<group>"; };
		427A854D22B3FD34007532D8 /* glext_angle.h */ = {isa = PBXFileReference; lastKnownFileType = sourcecode.c.h; path = glext_angle.h; sourceTree = "<group>"; };
		427A854E22B3FD34007532D8 /* README.md */ = {isa = PBXFileReference; lastKnownFileType = net.daringfireball.markdown; path = README.md; sourceTree = "<group>"; };
		427A854F22B3FD34007532D8 /* glext.h */ = {isa = PBXFileReference; lastKnownFileType = sourcecode.c.h; path = glext.h; sourceTree = "<group>"; };
		427A855022B3FD34007532D8 /* .clang-format */ = {isa = PBXFileReference; lastKnownFileType = text; path = ".clang-format"; sourceTree = "<group>"; };
		427A855122B3FD34007532D8 /* glplatform.h */ = {isa = PBXFileReference; lastKnownFileType = sourcecode.c.h; path = glplatform.h; sourceTree = "<group>"; };
		427A855222B3FD34007532D8 /* gl.h */ = {isa = PBXFileReference; lastKnownFileType = sourcecode.c.h; path = gl.h; sourceTree = "<group>"; };
		427A855422B3FD34007532D8 /* WorkaroundsD3D.h */ = {isa = PBXFileReference; lastKnownFileType = sourcecode.c.h; path = WorkaroundsD3D.h; sourceTree = "<group>"; };
		427A855522B3FD34007532D8 /* FeaturesVk.h */ = {isa = PBXFileReference; lastKnownFileType = sourcecode.c.h; path = FeaturesVk.h; sourceTree = "<group>"; };
		427A855622B3FD34007532D8 /* Feature.h */ = {isa = PBXFileReference; lastKnownFileType = sourcecode.c.h; path = Feature.h; sourceTree = "<group>"; };
		427A855722B3FD34007532D8 /* Platform.h */ = {isa = PBXFileReference; lastKnownFileType = sourcecode.c.h; path = Platform.h; sourceTree = "<group>"; };
		427A855922B3FD34007532D8 /* ShaderVars.h */ = {isa = PBXFileReference; lastKnownFileType = sourcecode.c.h; path = ShaderVars.h; sourceTree = "<group>"; };
		427A855A22B3FD34007532D8 /* ShaderLang.h */ = {isa = PBXFileReference; lastKnownFileType = sourcecode.c.h; path = ShaderLang.h; sourceTree = "<group>"; };
		427A855C22B3FD34007532D8 /* .clang-format */ = {isa = PBXFileReference; lastKnownFileType = text; path = ".clang-format"; sourceTree = "<group>"; };
		427A855D22B3FD34007532D8 /* khrplatform.h */ = {isa = PBXFileReference; lastKnownFileType = sourcecode.c.h; path = khrplatform.h; sourceTree = "<group>"; };
		427A855F22B3FD34007532D8 /* egl.h */ = {isa = PBXFileReference; lastKnownFileType = sourcecode.c.h; path = egl.h; sourceTree = "<group>"; };
		427A856022B3FD34007532D8 /* eglext.h */ = {isa = PBXFileReference; lastKnownFileType = sourcecode.c.h; path = eglext.h; sourceTree = "<group>"; };
		427A856122B3FD34007532D8 /* eglext_angle.h */ = {isa = PBXFileReference; lastKnownFileType = sourcecode.c.h; path = eglext_angle.h; sourceTree = "<group>"; };
		427A856222B3FD34007532D8 /* eglplatform.h */ = {isa = PBXFileReference; lastKnownFileType = sourcecode.c.h; path = eglplatform.h; sourceTree = "<group>"; };
		427A856322B3FD34007532D8 /* README.md */ = {isa = PBXFileReference; lastKnownFileType = net.daringfireball.markdown; path = README.md; sourceTree = "<group>"; };
		427A856422B3FD34007532D8 /* .clang-format */ = {isa = PBXFileReference; lastKnownFileType = text; path = ".clang-format"; sourceTree = "<group>"; };
		427A856522B3FD34007532D8 /* angle_gl.h */ = {isa = PBXFileReference; lastKnownFileType = sourcecode.c.h; path = angle_gl.h; sourceTree = "<group>"; };
		427A856B22B411C7007532D8 /* libShParser.a */ = {isa = PBXFileReference; lastKnownFileType = archive.ar; name = libShParser.a; path = imguiiugmi/third/ShParser/libShParser.a; sourceTree = "<group>"; };
		42E134F522AC04C800E4FA4B /* imguiiugmi */ = {isa = PBXFileReference; explicitFileType = "compiled.mach-o.executable"; includeInIndex = 0; path = imguiiugmi; sourceTree = BUILT_PRODUCTS_DIR; };
		42E134F822AC04C800E4FA4B /* main.cpp */ = {isa = PBXFileReference; lastKnownFileType = sourcecode.cpp.cpp; path = main.cpp; sourceTree = "<group>"; };
		42E1350022AC08FD00E4FA4B /* imgui.h */ = {isa = PBXFileReference; lastKnownFileType = sourcecode.c.h; path = imgui.h; sourceTree = "<group>"; };
		42E1350122AC08FD00E4FA4B /* imstb_textedit.h */ = {isa = PBXFileReference; lastKnownFileType = sourcecode.c.h; path = imstb_textedit.h; sourceTree = "<group>"; };
		42E1350222AC08FD00E4FA4B /* imconfig.h */ = {isa = PBXFileReference; lastKnownFileType = sourcecode.c.h; path = imconfig.h; sourceTree = "<group>"; };
		42E1350322AC08FD00E4FA4B /* imgui_widgets.cpp */ = {isa = PBXFileReference; lastKnownFileType = sourcecode.cpp.cpp; path = imgui_widgets.cpp; sourceTree = "<group>"; };
		42E1350422AC08FD00E4FA4B /* imstb_truetype.h */ = {isa = PBXFileReference; lastKnownFileType = sourcecode.c.h; path = imstb_truetype.h; sourceTree = "<group>"; };
		42E1350522AC08FD00E4FA4B /* imgui.cpp */ = {isa = PBXFileReference; lastKnownFileType = sourcecode.cpp.cpp; path = imgui.cpp; sourceTree = "<group>"; };
		42E1350622AC08FD00E4FA4B /* imgui_internal.h */ = {isa = PBXFileReference; lastKnownFileType = sourcecode.c.h; path = imgui_internal.h; sourceTree = "<group>"; };
		42E1350722AC08FD00E4FA4B /* imstb_rectpack.h */ = {isa = PBXFileReference; lastKnownFileType = sourcecode.c.h; path = imstb_rectpack.h; sourceTree = "<group>"; };
		42E1350822AC08FD00E4FA4B /* LICENSE.txt */ = {isa = PBXFileReference; lastKnownFileType = text; path = LICENSE.txt; sourceTree = "<group>"; };
		42E1350922AC08FD00E4FA4B /* imgui_demo.cpp */ = {isa = PBXFileReference; lastKnownFileType = sourcecode.cpp.cpp; path = imgui_demo.cpp; sourceTree = "<group>"; };
		42E1350A22AC08FD00E4FA4B /* imgui_draw.cpp */ = {isa = PBXFileReference; lastKnownFileType = sourcecode.cpp.cpp; path = imgui_draw.cpp; sourceTree = "<group>"; };
		42E1350E22AC0B4900E4FA4B /* imgui_impl_glfw.h */ = {isa = PBXFileReference; fileEncoding = 4; lastKnownFileType = sourcecode.c.h; path = imgui_impl_glfw.h; sourceTree = "<group>"; };
		42E1350F22AC0B4900E4FA4B /* imgui_impl_glfw.cpp */ = {isa = PBXFileReference; fileEncoding = 4; lastKnownFileType = sourcecode.cpp.cpp; path = imgui_impl_glfw.cpp; sourceTree = "<group>"; };
		42E1351122AC0D2C00E4FA4B /* imgui_impl_opengl3.cpp */ = {isa = PBXFileReference; fileEncoding = 4; lastKnownFileType = sourcecode.cpp.cpp; path = imgui_impl_opengl3.cpp; sourceTree = "<group>"; };
		42E1351222AC0D2D00E4FA4B /* imgui_impl_opengl3.h */ = {isa = PBXFileReference; fileEncoding = 4; lastKnownFileType = sourcecode.c.h; path = imgui_impl_opengl3.h; sourceTree = "<group>"; };
		42E1352722AC132900E4FA4B /* khrplatform.h */ = {isa = PBXFileReference; fileEncoding = 4; lastKnownFileType = sourcecode.c.h; path = khrplatform.h; sourceTree = "<group>"; };
		42E1352922AC132900E4FA4B /* glad.h */ = {isa = PBXFileReference; fileEncoding = 4; lastKnownFileType = sourcecode.c.h; path = glad.h; sourceTree = "<group>"; };
		42E1352A22AC132900E4FA4B /* glad_glx.h */ = {isa = PBXFileReference; fileEncoding = 4; lastKnownFileType = sourcecode.c.h; path = glad_glx.h; sourceTree = "<group>"; };
		42E1352B22AC132900E4FA4B /* glad_wgl.h */ = {isa = PBXFileReference; fileEncoding = 4; lastKnownFileType = sourcecode.c.h; path = glad_wgl.h; sourceTree = "<group>"; };
		42E1352C22AC132900E4FA4B /* glad_egl.h */ = {isa = PBXFileReference; fileEncoding = 4; lastKnownFileType = sourcecode.c.h; path = glad_egl.h; sourceTree = "<group>"; };
		42E1352D22AC132900E4FA4B /* README.md */ = {isa = PBXFileReference; fileEncoding = 4; lastKnownFileType = net.daringfireball.markdown; path = README.md; sourceTree = "<group>"; };
		42E1352E22AC132900E4FA4B /* .gitignore */ = {isa = PBXFileReference; fileEncoding = 4; lastKnownFileType = text; path = .gitignore; sourceTree = "<group>"; };
		42E1353022AC132900E4FA4B /* glad_wgl.c */ = {isa = PBXFileReference; fileEncoding = 4; lastKnownFileType = sourcecode.c.c; path = glad_wgl.c; sourceTree = "<group>"; };
		42E1353122AC132900E4FA4B /* glad_egl.c */ = {isa = PBXFileReference; fileEncoding = 4; lastKnownFileType = sourcecode.c.c; path = glad_egl.c; sourceTree = "<group>"; };
		42E1353222AC132900E4FA4B /* glad.c */ = {isa = PBXFileReference; fileEncoding = 4; lastKnownFileType = sourcecode.c.c; path = glad.c; sourceTree = "<group>"; };
		42E1353322AC132900E4FA4B /* glad_glx.c */ = {isa = PBXFileReference; fileEncoding = 4; lastKnownFileType = sourcecode.c.c; path = glad_glx.c; sourceTree = "<group>"; };
/* End PBXFileReference section */

/* Begin PBXFrameworksBuildPhase section */
		42E134F222AC04C800E4FA4B /* Frameworks */ = {
			isa = PBXFrameworksBuildPhase;
			buildActionMask = 2147483647;
			files = (
				427A7A2922AC1A78007532D8 /* CoreVideo.framework in Frameworks */,
				427A7A2722AC1A70007532D8 /* IOKit.framework in Frameworks */,
				427A7A2522AC1A64007532D8 /* OpenGL.framework in Frameworks */,
				427A7A2322AC1A59007532D8 /* Cocoa.framework in Frameworks */,
				427A856C22B411C7007532D8 /* libShParser.a in Frameworks */,
				427A7A2122AC163C007532D8 /* libglfw.3.3.dylib in Frameworks */,
			);
			runOnlyForDeploymentPostprocessing = 0;
		};
/* End PBXFrameworksBuildPhase section */

/* Begin PBXGroup section */
		427A7A2F22AD51B0007532D8 /* stb */ = {
			isa = PBXGroup;
			children = (
				427A7A3022AD51B0007532D8 /* stb_image.h */,
			);
			path = stb;
			sourceTree = "<group>";
		};
		427A7A3A22B009FA007532D8 /* rapidjson */ = {
			isa = PBXGroup;
			children = (
				427A7A3B22B00A31007532D8 /* error */,
				427A7A5222B00A31007532D8 /* internal */,
				427A7A4022B00A31007532D8 /* msinttypes */,
				427A7A3F22B00A31007532D8 /* allocators.h */,
				427A7A4D22B00A31007532D8 /* document-wrapper.h */,
				427A7A4822B00A31007532D8 /* document.h */,
				427A7A3E22B00A31007532D8 /* encodedstream.h */,
				427A7A4922B00A31007532D8 /* encodings.h */,
				427A7A6022B00A32007532D8 /* filereadstream.h */,
				427A7A4422B00A31007532D8 /* filewritestream.h */,
				427A7A4A22B00A31007532D8 /* fwd.h */,
				427A7A5F22B00A32007532D8 /* istreamwrapper.h */,
				427A7A6122B00A32007532D8 /* memorybuffer.h */,
				427A7A4F22B00A31007532D8 /* memorystream.h */,
				427A7A5122B00A31007532D8 /* ostreamwrapper.h */,
				427A7A5022B00A31007532D8 /* pointer.h */,
				427A7A4B22B00A31007532D8 /* prettywriter.h */,
				427A7A4322B00A31007532D8 /* rapidjson.h */,
				427A7A4522B00A31007532D8 /* reader.h */,
				427A7A4622B00A31007532D8 /* schema.h */,
				427A7A4722B00A31007532D8 /* stream.h */,
				427A7A4C22B00A31007532D8 /* stringbuffer.h */,
				427A7A4E22B00A31007532D8 /* writer.h */,
			);
			name = rapidjson;
			sourceTree = "<group>";
		};
		427A7A3B22B00A31007532D8 /* error */ = {
			isa = PBXGroup;
			children = (
				427A7A3C22B00A31007532D8 /* error.h */,
				427A7A3D22B00A31007532D8 /* en.h */,
			);
			name = error;
			path = rapidjson/error;
			sourceTree = "<group>";
		};
		427A7A4022B00A31007532D8 /* msinttypes */ = {
			isa = PBXGroup;
			children = (
				427A7A4122B00A31007532D8 /* inttypes.h */,
				427A7A4222B00A31007532D8 /* stdint.h */,
			);
			name = msinttypes;
			path = rapidjson/msinttypes;
			sourceTree = "<group>";
		};
		427A7A5222B00A31007532D8 /* internal */ = {
			isa = PBXGroup;
			children = (
				427A7A5322B00A31007532D8 /* ieee754.h */,
				427A7A5422B00A31007532D8 /* strtod.h */,
				427A7A5522B00A31007532D8 /* swap.h */,
				427A7A5622B00A32007532D8 /* regex.h */,
				427A7A5722B00A32007532D8 /* diyfp.h */,
				427A7A5822B00A32007532D8 /* biginteger.h */,
				427A7A5922B00A32007532D8 /* strfunc.h */,
				427A7A5A22B00A32007532D8 /* itoa.h */,
				427A7A5B22B00A32007532D8 /* stack.h */,
				427A7A5C22B00A32007532D8 /* dtoa.h */,
				427A7A5D22B00A32007532D8 /* meta.h */,
				427A7A5E22B00A32007532D8 /* pow10.h */,
			);
			name = internal;
			path = rapidjson/internal;
			sourceTree = "<group>";
		};
		427A853222B3FCA5007532D8 /* third */ = {
			isa = PBXGroup;
			children = (
				427A853322B3FCA5007532D8 /* ShParser */,
			);
			path = third;
			sourceTree = "<group>";
		};
		427A853322B3FCA5007532D8 /* ShParser */ = {
			isa = PBXGroup;
			children = (
				427A853422B3FCA5007532D8 /* ShParser.h */,
			);
			path = ShParser;
			sourceTree = "<group>";
		};
		427A853822B3FD34007532D8 /* angle */ = {
			isa = PBXGroup;
			children = (
				427A853922B3FD34007532D8 /* include */,
			);
			path = angle;
			sourceTree = "<group>";
		};
		427A853922B3FD34007532D8 /* include */ = {
			isa = PBXGroup;
			children = (
				427A853A22B3FD34007532D8 /* GLES3 */,
				427A854222B3FD34007532D8 /* GLES2 */,
				427A854A22B3FD34007532D8 /* GLES */,
				427A855322B3FD34007532D8 /* platform */,
				427A855822B3FD34007532D8 /* GLSLANG */,
				427A855B22B3FD34007532D8 /* KHR */,
				427A855E22B3FD34007532D8 /* EGL */,
				427A856522B3FD34007532D8 /* angle_gl.h */,
			);
			path = include;
			sourceTree = "<group>";
		};
		427A853A22B3FD34007532D8 /* GLES3 */ = {
			isa = PBXGroup;
			children = (
				427A853B22B3FD34007532D8 /* gl3.h */,
				427A853C22B3FD34007532D8 /* .clang-format */,
				427A853D22B3FD34007532D8 /* gl32.h */,
				427A853E22B3FD34007532D8 /* gl3platform.h */,
				427A853F22B3FD34007532D8 /* gl3ext_explicit_context_autogen.inc */,
				427A854022B3FD34007532D8 /* gl31.h */,
				427A854122B3FD34007532D8 /* gl31ext_explicit_context_autogen.inc */,
			);
			path = GLES3;
			sourceTree = "<group>";
		};
		427A854222B3FD34007532D8 /* GLES2 */ = {
			isa = PBXGroup;
			children = (
				427A854322B3FD34007532D8 /* gl2ext_explicit_context_autogen.inc */,
				427A854422B3FD34007532D8 /* gl2ext.h */,
				427A854522B3FD34007532D8 /* gl2.h */,
				427A854622B3FD34007532D8 /* gl2ext_angle.h */,
				427A854722B3FD34007532D8 /* .clang-format */,
				427A854822B3FD34007532D8 /* gl2platform.h */,
			);
			path = GLES2;
			sourceTree = "<group>";
		};
		427A854A22B3FD34007532D8 /* GLES */ = {
			isa = PBXGroup;
			children = (
				427A854B22B3FD34007532D8 /* egl.h */,
				427A854C22B3FD34007532D8 /* glext_explicit_context_autogen.inc */,
				427A854D22B3FD34007532D8 /* glext_angle.h */,
				427A854E22B3FD34007532D8 /* README.md */,
				427A854F22B3FD34007532D8 /* glext.h */,
				427A855022B3FD34007532D8 /* .clang-format */,
				427A855122B3FD34007532D8 /* glplatform.h */,
				427A855222B3FD34007532D8 /* gl.h */,
			);
			path = GLES;
			sourceTree = "<group>";
		};
		427A855322B3FD34007532D8 /* platform */ = {
			isa = PBXGroup;
			children = (
				427A855422B3FD34007532D8 /* WorkaroundsD3D.h */,
				427A855522B3FD34007532D8 /* FeaturesVk.h */,
				427A855622B3FD34007532D8 /* Feature.h */,
				427A855722B3FD34007532D8 /* Platform.h */,
			);
			path = platform;
			sourceTree = "<group>";
		};
		427A855822B3FD34007532D8 /* GLSLANG */ = {
			isa = PBXGroup;
			children = (
				427A855922B3FD34007532D8 /* ShaderVars.h */,
				427A855A22B3FD34007532D8 /* ShaderLang.h */,
			);
			path = GLSLANG;
			sourceTree = "<group>";
		};
		427A855B22B3FD34007532D8 /* KHR */ = {
			isa = PBXGroup;
			children = (
				427A855C22B3FD34007532D8 /* .clang-format */,
				427A855D22B3FD34007532D8 /* khrplatform.h */,
			);
			path = KHR;
			sourceTree = "<group>";
		};
		427A855E22B3FD34007532D8 /* EGL */ = {
			isa = PBXGroup;
			children = (
				427A855F22B3FD34007532D8 /* egl.h */,
				427A856022B3FD34007532D8 /* eglext.h */,
				427A856122B3FD34007532D8 /* eglext_angle.h */,
				427A856222B3FD34007532D8 /* eglplatform.h */,
				427A856322B3FD34007532D8 /* README.md */,
				427A856422B3FD34007532D8 /* .clang-format */,
			);
			path = EGL;
			sourceTree = "<group>";
		};
		427A856A22B400E1007532D8 /* Fire */ = {
			isa = PBXGroup;
			children = (
				427A7A3322AD5FDA007532D8 /* Fire.h */,
				427A7A6A22B07D88007532D8 /* FireConfig.h */,
				427A7A6222B00F66007532D8 /* FireDefinition.h */,
				427A7A6622B0229B007532D8 /* FireJson.h */,
				427A7A6922B0286F007532D8 /* FirePainter.h */,
				427A7A6422B01D3C007532D8 /* FireProperty.h */,
				427A7A6822B02682007532D8 /* FireState.h */,
				427A7A6522B01E53007532D8 /* FireStShaderPanel.h */,
				427A7A6722B023D9007532D8 /* FireUI.h */,
				427A7A6322B01C0D007532D8 /* FireUtility.h */,
			);
			name = Fire;
			sourceTree = "<group>";
		};
		42E134EC22AC04C800E4FA4B = {
			isa = PBXGroup;
			children = (
				42E134F722AC04C800E4FA4B /* imguiiugmi */,
				42E134F622AC04C800E4FA4B /* Products */,
				42E1351422AC0E4700E4FA4B /* Frameworks */,
			);
			sourceTree = "<group>";
		};
		42E134F622AC04C800E4FA4B /* Products */ = {
			isa = PBXGroup;
			children = (
				42E134F522AC04C800E4FA4B /* imguiiugmi */,
			);
			name = Products;
			sourceTree = "<group>";
		};
		42E134F722AC04C800E4FA4B /* imguiiugmi */ = {
			isa = PBXGroup;
			children = (
				427A7A3422AEAD33007532D8 /* resources */,
				42E134F822AC04C800E4FA4B /* main.cpp */,
				427A7A3122AD51BE007532D8 /* camera.h */,
				427A7A3222AD51BE007532D8 /* shader.h */,
				427A853822B3FD34007532D8 /* angle */,
				427A856A22B400E1007532D8 /* Fire */,
				42E1352422AC132900E4FA4B /* glad */,
				42E134FF22AC08FD00E4FA4B /* imgui */,
				42E1350B22AC08FD00E4FA4B /* imgui_impl */,
				427A7A3A22B009FA007532D8 /* rapidjson */,
				427A7A2F22AD51B0007532D8 /* stb */,
				427A853222B3FCA5007532D8 /* third */,
			);
			path = imguiiugmi;
			sourceTree = "<group>";
		};
		42E134FF22AC08FD00E4FA4B /* imgui */ = {
			isa = PBXGroup;
			children = (
				42E1350222AC08FD00E4FA4B /* imconfig.h */,
				42E1350922AC08FD00E4FA4B /* imgui_demo.cpp */,
				42E1350A22AC08FD00E4FA4B /* imgui_draw.cpp */,
				42E1350622AC08FD00E4FA4B /* imgui_internal.h */,
				42E1350322AC08FD00E4FA4B /* imgui_widgets.cpp */,
				42E1350522AC08FD00E4FA4B /* imgui.cpp */,
				42E1350022AC08FD00E4FA4B /* imgui.h */,
				42E1350722AC08FD00E4FA4B /* imstb_rectpack.h */,
				42E1350122AC08FD00E4FA4B /* imstb_textedit.h */,
				42E1350422AC08FD00E4FA4B /* imstb_truetype.h */,
				42E1350822AC08FD00E4FA4B /* LICENSE.txt */,
			);
			path = imgui;
			sourceTree = "<group>";
		};
		42E1350B22AC08FD00E4FA4B /* imgui_impl */ = {
			isa = PBXGroup;
			children = (
				42E1351122AC0D2C00E4FA4B /* imgui_impl_opengl3.cpp */,
				42E1351222AC0D2D00E4FA4B /* imgui_impl_opengl3.h */,
				42E1350F22AC0B4900E4FA4B /* imgui_impl_glfw.cpp */,
				42E1350E22AC0B4900E4FA4B /* imgui_impl_glfw.h */,
			);
			path = imgui_impl;
			sourceTree = "<group>";
		};
		42E1351422AC0E4700E4FA4B /* Frameworks */ = {
			isa = PBXGroup;
			children = (
				427A856B22B411C7007532D8 /* libShParser.a */,
				427A7A2822AC1A78007532D8 /* CoreVideo.framework */,
				427A7A2622AC1A70007532D8 /* IOKit.framework */,
				427A7A2422AC1A64007532D8 /* OpenGL.framework */,
				427A7A2222AC1A59007532D8 /* Cocoa.framework */,
				427A7A2022AC163C007532D8 /* libglfw.3.3.dylib */,
			);
			name = Frameworks;
			sourceTree = "<group>";
		};
		42E1352422AC132900E4FA4B /* glad */ = {
			isa = PBXGroup;
			children = (
				42E1352522AC132900E4FA4B /* include */,
				42E1352D22AC132900E4FA4B /* README.md */,
				42E1352E22AC132900E4FA4B /* .gitignore */,
				42E1352F22AC132900E4FA4B /* src */,
			);
			path = glad;
			sourceTree = "<group>";
		};
		42E1352522AC132900E4FA4B /* include */ = {
			isa = PBXGroup;
			children = (
				42E1352622AC132900E4FA4B /* KHR */,
				42E1352822AC132900E4FA4B /* glad */,
			);
			path = include;
			sourceTree = "<group>";
		};
		42E1352622AC132900E4FA4B /* KHR */ = {
			isa = PBXGroup;
			children = (
				42E1352722AC132900E4FA4B /* khrplatform.h */,
			);
			path = KHR;
			sourceTree = "<group>";
		};
		42E1352822AC132900E4FA4B /* glad */ = {
			isa = PBXGroup;
			children = (
				42E1352922AC132900E4FA4B /* glad.h */,
				42E1352A22AC132900E4FA4B /* glad_glx.h */,
				42E1352B22AC132900E4FA4B /* glad_wgl.h */,
				42E1352C22AC132900E4FA4B /* glad_egl.h */,
			);
			path = glad;
			sourceTree = "<group>";
		};
		42E1352F22AC132900E4FA4B /* src */ = {
			isa = PBXGroup;
			children = (
				42E1353022AC132900E4FA4B /* glad_wgl.c */,
				42E1353122AC132900E4FA4B /* glad_egl.c */,
				42E1353222AC132900E4FA4B /* glad.c */,
				42E1353322AC132900E4FA4B /* glad_glx.c */,
			);
			path = src;
			sourceTree = "<group>";
		};
/* End PBXGroup section */

/* Begin PBXNativeTarget section */
		42E134F422AC04C800E4FA4B /* imguiiugmi */ = {
			isa = PBXNativeTarget;
			buildConfigurationList = 42E134FC22AC04C800E4FA4B /* Build configuration list for PBXNativeTarget "imguiiugmi" */;
			buildPhases = (
				42E134F122AC04C800E4FA4B /* Sources */,
				42E134F222AC04C800E4FA4B /* Frameworks */,
				42E134F322AC04C800E4FA4B /* Copy Files */,
			);
			buildRules = (
			);
			dependencies = (
			);
			name = imguiiugmi;
			productName = imguiiugmi;
			productReference = 42E134F522AC04C800E4FA4B /* imguiiugmi */;
			productType = "com.apple.product-type.tool";
		};
/* End PBXNativeTarget section */

/* Begin PBXProject section */
		42E134ED22AC04C800E4FA4B /* Project object */ = {
			isa = PBXProject;
			attributes = {
				LastUpgradeCheck = 1020;
				ORGANIZATIONNAME = Fire;
				TargetAttributes = {
					42E134F422AC04C800E4FA4B = {
						CreatedOnToolsVersion = 10.2.1;
					};
				};
			};
			buildConfigurationList = 42E134F022AC04C800E4FA4B /* Build configuration list for PBXProject "imguiiugmi" */;
			compatibilityVersion = "Xcode 9.3";
			developmentRegion = en;
			hasScannedForEncodings = 0;
			knownRegions = (
				en,
			);
			mainGroup = 42E134EC22AC04C800E4FA4B;
			productRefGroup = 42E134F622AC04C800E4FA4B /* Products */;
			projectDirPath = "";
			projectRoot = "";
			targets = (
				42E134F422AC04C800E4FA4B /* imguiiugmi */,
			);
		};
/* End PBXProject section */

/* Begin PBXSourcesBuildPhase section */
		42E134F122AC04C800E4FA4B /* Sources */ = {
			isa = PBXSourcesBuildPhase;
			buildActionMask = 2147483647;
			files = (
				42E1352022AC12FC00E4FA4B /* imgui_widgets.cpp in Sources */,
				42E1352122AC12FC00E4FA4B /* imgui.cpp in Sources */,
				42E1352222AC12FC00E4FA4B /* imgui_demo.cpp in Sources */,
				42E1352322AC12FC00E4FA4B /* imgui_draw.cpp in Sources */,
				42E1353622AC132900E4FA4B /* glad.c in Sources */,
				42E1351322AC0D2D00E4FA4B /* imgui_impl_opengl3.cpp in Sources */,
				42E1351022AC0B4900E4FA4B /* imgui_impl_glfw.cpp in Sources */,
				42E134F922AC04C800E4FA4B /* main.cpp in Sources */,
			);
			runOnlyForDeploymentPostprocessing = 0;
		};
/* End PBXSourcesBuildPhase section */

/* Begin XCBuildConfiguration section */
		42E134FA22AC04C800E4FA4B /* Debug */ = {
			isa = XCBuildConfiguration;
			buildSettings = {
				ALWAYS_SEARCH_USER_PATHS = YES;
				CLANG_ANALYZER_NONNULL = YES;
				CLANG_ANALYZER_NUMBER_OBJECT_CONVERSION = YES_AGGRESSIVE;
				CLANG_CXX_LANGUAGE_STANDARD = "c++0x";
				CLANG_CXX_LIBRARY = "libc++";
				CLANG_ENABLE_MODULES = YES;
				CLANG_ENABLE_OBJC_ARC = YES;
				CLANG_ENABLE_OBJC_WEAK = YES;
				CLANG_WARN_BLOCK_CAPTURE_AUTORELEASING = YES;
				CLANG_WARN_BOOL_CONVERSION = YES;
				CLANG_WARN_COMMA = YES;
				CLANG_WARN_CONSTANT_CONVERSION = YES;
				CLANG_WARN_DEPRECATED_OBJC_IMPLEMENTATIONS = YES;
				CLANG_WARN_DIRECT_OBJC_ISA_USAGE = YES_ERROR;
				CLANG_WARN_DOCUMENTATION_COMMENTS = YES;
				CLANG_WARN_EMPTY_BODY = YES;
				CLANG_WARN_ENUM_CONVERSION = YES;
				CLANG_WARN_INFINITE_RECURSION = YES;
				CLANG_WARN_INT_CONVERSION = YES;
				CLANG_WARN_NON_LITERAL_NULL_CONVERSION = YES;
				CLANG_WARN_OBJC_IMPLICIT_RETAIN_SELF = YES;
				CLANG_WARN_OBJC_LITERAL_CONVERSION = YES;
				CLANG_WARN_OBJC_ROOT_CLASS = YES_ERROR;
				CLANG_WARN_RANGE_LOOP_ANALYSIS = YES;
				CLANG_WARN_STRICT_PROTOTYPES = YES;
				CLANG_WARN_SUSPICIOUS_MOVE = YES;
				CLANG_WARN_UNGUARDED_AVAILABILITY = YES_AGGRESSIVE;
				CLANG_WARN_UNREACHABLE_CODE = YES;
				CLANG_WARN__DUPLICATE_METHOD_MATCH = YES;
				CODE_SIGN_IDENTITY = "-";
				COPY_PHASE_STRIP = NO;
				DEBUG_INFORMATION_FORMAT = dwarf;
				ENABLE_STRICT_OBJC_MSGSEND = YES;
				ENABLE_TESTABILITY = YES;
				GCC_C_LANGUAGE_STANDARD = gnu11;
				GCC_DYNAMIC_NO_PIC = NO;
				GCC_NO_COMMON_BLOCKS = YES;
				GCC_OPTIMIZATION_LEVEL = 0;
				GCC_PREPROCESSOR_DEFINITIONS = (
					"DEBUG=1",
					"$(inherited)",
				);
				GCC_WARN_64_TO_32_BIT_CONVERSION = YES;
				GCC_WARN_ABOUT_RETURN_TYPE = YES_ERROR;
				GCC_WARN_UNDECLARED_SELECTOR = YES;
				GCC_WARN_UNINITIALIZED_AUTOS = YES_AGGRESSIVE;
				GCC_WARN_UNUSED_FUNCTION = YES;
				GCC_WARN_UNUSED_VARIABLE = YES;
				LIBRARY_SEARCH_PATHS = "";
				MACOSX_DEPLOYMENT_TARGET = 10.14;
				MTL_ENABLE_DEBUG_INFO = INCLUDE_SOURCE;
				MTL_FAST_MATH = YES;
				ONLY_ACTIVE_ARCH = YES;
				SDKROOT = macosx;
			};
			name = Debug;
		};
		42E134FB22AC04C800E4FA4B /* Release */ = {
			isa = XCBuildConfiguration;
			buildSettings = {
				ALWAYS_SEARCH_USER_PATHS = YES;
				CLANG_ANALYZER_NONNULL = YES;
				CLANG_ANALYZER_NUMBER_OBJECT_CONVERSION = YES_AGGRESSIVE;
				CLANG_CXX_LANGUAGE_STANDARD = "c++0x";
				CLANG_CXX_LIBRARY = "libc++";
				CLANG_ENABLE_MODULES = YES;
				CLANG_ENABLE_OBJC_ARC = YES;
				CLANG_ENABLE_OBJC_WEAK = YES;
				CLANG_WARN_BLOCK_CAPTURE_AUTORELEASING = YES;
				CLANG_WARN_BOOL_CONVERSION = YES;
				CLANG_WARN_COMMA = YES;
				CLANG_WARN_CONSTANT_CONVERSION = YES;
				CLANG_WARN_DEPRECATED_OBJC_IMPLEMENTATIONS = YES;
				CLANG_WARN_DIRECT_OBJC_ISA_USAGE = YES_ERROR;
				CLANG_WARN_DOCUMENTATION_COMMENTS = YES;
				CLANG_WARN_EMPTY_BODY = YES;
				CLANG_WARN_ENUM_CONVERSION = YES;
				CLANG_WARN_INFINITE_RECURSION = YES;
				CLANG_WARN_INT_CONVERSION = YES;
				CLANG_WARN_NON_LITERAL_NULL_CONVERSION = YES;
				CLANG_WARN_OBJC_IMPLICIT_RETAIN_SELF = YES;
				CLANG_WARN_OBJC_LITERAL_CONVERSION = YES;
				CLANG_WARN_OBJC_ROOT_CLASS = YES_ERROR;
				CLANG_WARN_RANGE_LOOP_ANALYSIS = YES;
				CLANG_WARN_STRICT_PROTOTYPES = YES;
				CLANG_WARN_SUSPICIOUS_MOVE = YES;
				CLANG_WARN_UNGUARDED_AVAILABILITY = YES_AGGRESSIVE;
				CLANG_WARN_UNREACHABLE_CODE = YES;
				CLANG_WARN__DUPLICATE_METHOD_MATCH = YES;
				CODE_SIGN_IDENTITY = "-";
				COPY_PHASE_STRIP = NO;
				DEBUG_INFORMATION_FORMAT = "dwarf-with-dsym";
				ENABLE_NS_ASSERTIONS = NO;
				ENABLE_STRICT_OBJC_MSGSEND = YES;
				GCC_C_LANGUAGE_STANDARD = gnu11;
				GCC_NO_COMMON_BLOCKS = YES;
				GCC_WARN_64_TO_32_BIT_CONVERSION = YES;
				GCC_WARN_ABOUT_RETURN_TYPE = YES_ERROR;
				GCC_WARN_UNDECLARED_SELECTOR = YES;
				GCC_WARN_UNINITIALIZED_AUTOS = YES_AGGRESSIVE;
				GCC_WARN_UNUSED_FUNCTION = YES;
				GCC_WARN_UNUSED_VARIABLE = YES;
				LIBRARY_SEARCH_PATHS = "";
				MACOSX_DEPLOYMENT_TARGET = 10.14;
				MTL_ENABLE_DEBUG_INFO = NO;
				MTL_FAST_MATH = YES;
				SDKROOT = macosx;
			};
			name = Release;
		};
		42E134FD22AC04C800E4FA4B /* Debug */ = {
			isa = XCBuildConfiguration;
			buildSettings = {
				ALWAYS_SEARCH_USER_PATHS = YES;
				CLANG_CXX_LANGUAGE_STANDARD = "c++0x";
				CLANG_CXX_LIBRARY = "libc++";
				CLANG_WARN_CXX0X_EXTENSIONS = NO;
				CODE_SIGN_STYLE = Automatic;
				FRAMEWORK_SEARCH_PATHS = "";
				GCC_C_LANGUAGE_STANDARD = c11;
				GCC_PREPROCESSOR_DEFINITIONS = "DEBUG=1";
				"GCC_PREPROCESSOR_DEFINITIONS[arch=*]" = "";
				HEADER_SEARCH_PATHS = (
					/usr/local/include,
					"$(SRCROOT)/$(PROJECT_NAME)/glad/include",
					"$(SRCROOT)/$(PROJECT_NAME)/imgui",
					"$(SRCROOT)/$(PROJECT_NAME)/imgui_impl",
					"$(SRCROOT)/$(PROJECT_NAME)/stb",
					"$(SRCROOT)/$(PROJECT_NAME)",
					"$(SRCROOT)/$(PROJECT_NAME)/third/ShParser",
					"$(SRCROOT)/$(PROJECT_NAME)/angle/include",
				);
				LIBRARY_SEARCH_PATHS = (
					/usr/local/lib,
					/usr/local/Cellar/glfw/3.3/lib,
					"$(PROJECT_DIR)/imguiiugmi/third/ShParser",
				);
				PRELINK_LIBS = "";
				PRODUCT_NAME = "$(TARGET_NAME)";
				"SYSTEM_HEADER_SEARCH_PATHS[arch=*]" = "";
			};
			name = Debug;
		};
		42E134FE22AC04C800E4FA4B /* Release */ = {
			isa = XCBuildConfiguration;
			buildSettings = {
				ALWAYS_SEARCH_USER_PATHS = YES;
				CLANG_CXX_LANGUAGE_STANDARD = "c++0x";
				CLANG_CXX_LIBRARY = "libc++";
				CLANG_WARN_CXX0X_EXTENSIONS = NO;
				CODE_SIGN_STYLE = Automatic;
				FRAMEWORK_SEARCH_PATHS = "";
				GCC_C_LANGUAGE_STANDARD = c11;
				GCC_PREPROCESSOR_DEFINITIONS = "";
				HEADER_SEARCH_PATHS = (
					/usr/local/include,
					"$(SRCROOT)/$(PROJECT_NAME)/glad/include",
					"$(SRCROOT)/$(PROJECT_NAME)/imgui",
					"$(SRCROOT)/$(PROJECT_NAME)/imgui_impl",
					"$(SRCROOT)/$(PROJECT_NAME)/stb",
					"$(SRCROOT)/$(PROJECT_NAME)",
					"$(SRCROOT)/$(PROJECT_NAME)/third/ShParser",
					"$(SRCROOT)/$(PROJECT_NAME)/angle/include",
				);
				LIBRARY_SEARCH_PATHS = (
					/usr/local/lib,
					/usr/local/Cellar/glfw/3.3/lib,
					"$(PROJECT_DIR)/imguiiugmi/third/ShParser",
				);
				PRELINK_LIBS = "";
				PRODUCT_NAME = "$(TARGET_NAME)";
			};
			name = Release;
		};
/* End XCBuildConfiguration section */

/* Begin XCConfigurationList section */
		42E134F022AC04C800E4FA4B /* Build configuration list for PBXProject "imguiiugmi" */ = {
			isa = XCConfigurationList;
			buildConfigurations = (
				42E134FA22AC04C800E4FA4B /* Debug */,
				42E134FB22AC04C800E4FA4B /* Release */,
			);
			defaultConfigurationIsVisible = 0;
			defaultConfigurationName = Release;
		};
		42E134FC22AC04C800E4FA4B /* Build configuration list for PBXNativeTarget "imguiiugmi" */ = {
			isa = XCConfigurationList;
			buildConfigurations = (
				42E134FD22AC04C800E4FA4B /* Debug */,
				42E134FE22AC04C800E4FA4B /* Release */,
			);
			defaultConfigurationIsVisible = 0;
			defaultConfigurationName = Release;
		};
/* End XCConfigurationList section */
	};
	rootObject = 42E134ED22AC04C800E4FA4B /* Project object */;
}
