
Microsoft Visual Studio Solution File, Format Version 12.00
# Visual Studio Version 16
VisualStudioVersion = 16.0.28803.202
MinimumVisualStudioVersion = 10.0.40219.1
Project("{8BC9CEB8-8B4A-11D0-8D11-00A0C91BC942}") = "imguiiugmi", "imguiiugmi\imguiiugmi.vcxproj", "{EEB56577-5211-4A03-B12C-950111C84439}"
EndProject
Global
	GlobalSection(SolutionConfigurationPlatforms) = preSolution
		Debug|x64 = Debug|x64
		Debug|x86 = Debug|x86
		Release|x64 = Release|x64
		Release|x86 = Release|x86
	EndGlobalSection
	GlobalSection(ProjectConfigurationPlatforms) = postSolution
		{EEB56577-5211-4A03-B12C-950111C84439}.Debug|x64.ActiveCfg = Debug|x64
		{EEB56577-5211-4A03-B12C-950111C84439}.Debug|x64.Build.0 = Debug|x64
		{EEB56577-5211-4A03-B12C-950111C84439}.Debug|x86.ActiveCfg = Debug|Win32
		{EEB56577-5211-4A03-B12C-950111C84439}.Debug|x86.Build.0 = Debug|Win32
		{EEB56577-5211-4A03-B12C-950111C84439}.Release|x64.ActiveCfg = Release|x64
		{EEB56577-5211-4A03-B12C-950111C84439}.Release|x64.Build.0 = Release|x64
		{EEB56577-5211-4A03-B12C-950111C84439}.Release|x86.ActiveCfg = Release|Win32
		{EEB56577-5211-4A03-B12C-950111C84439}.Release|x86.Build.0 = Release|Win32
	EndGlobalSection
	GlobalSection(SolutionProperties) = preSolution
		HideSolutionNode = FALSE
	EndGlobalSection
	GlobalSection(ExtensibilityGlobals) = postSolution
		SolutionGuid = {8D9E5AD1-3BB2-45B2-ABE0-0BB85C1E5EB0}
	EndGlobalSection
EndGlobal
